
Microsoft Visual Studio Solution File, Format Version 12.00
# Visual Studio 15
VisualStudioVersion = 15.0.26124.0
MinimumVisualStudioVersion = 15.0.26124.0
Project("{FAE04EC0-301F-11D3-BF4B-00C04F79EFBC}") = "API", "API\API.csproj", "{4589D17E-594E-493F-AC82-9E5E68276930}"
EndProject
Project("{FAE04EC0-301F-11D3-BF4B-00C04F79EFBC}") = "INFRASTUCTURE", "INFRASTUCTURE\INFRASTUCTURE.csproj", "{2EB1D1A0-C7EB-44B9-A230-49E9411A720D}"
EndProject
Project("{FAE04EC0-301F-11D3-BF4B-00C04F79EFBC}") = "CORE", "CORE\CORE.csproj", "{1C31EF88-A3B7-4295-9783-907738C5C2A5}"
EndProject
Global
	GlobalSection(SolutionConfigurationPlatforms) = preSolution
		Debug|Any CPU = Debug|Any CPU
		Debug|x64 = Debug|x64
		Debug|x86 = Debug|x86
		Release|Any CPU = Release|Any CPU
		Release|x64 = Release|x64
		Release|x86 = Release|x86
	EndGlobalSection
	GlobalSection(SolutionProperties) = preSolution
		HideSolutionNode = FALSE
	EndGlobalSection
	GlobalSection(ProjectConfigurationPlatforms) = postSolution
		{4589D17E-594E-493F-AC82-9E5E68276930}.Debug|Any CPU.ActiveCfg = Debug|Any CPU
		{4589D17E-594E-493F-AC82-9E5E68276930}.Debug|Any CPU.Build.0 = Debug|Any CPU
		{4589D17E-594E-493F-AC82-9E5E68276930}.Debug|x64.ActiveCfg = Debug|Any CPU
		{4589D17E-594E-493F-AC82-9E5E68276930}.Debug|x64.Build.0 = Debug|Any CPU
		{4589D17E-594E-493F-AC82-9E5E68276930}.Debug|x86.ActiveCfg = Debug|Any CPU
		{4589D17E-594E-493F-AC82-9E5E68276930}.Debug|x86.Build.0 = Debug|Any CPU
		{4589D17E-594E-493F-AC82-9E5E68276930}.Release|Any CPU.ActiveCfg = Release|Any CPU
		{4589D17E-594E-493F-AC82-9E5E68276930}.Release|Any CPU.Build.0 = Release|Any CPU
		{4589D17E-594E-493F-AC82-9E5E68276930}.Release|x64.ActiveCfg = Release|Any CPU
		{4589D17E-594E-493F-AC82-9E5E68276930}.Release|x64.Build.0 = Release|Any CPU
		{4589D17E-594E-493F-AC82-9E5E68276930}.Release|x86.ActiveCfg = Release|Any CPU
		{4589D17E-594E-493F-AC82-9E5E68276930}.Release|x86.Build.0 = Release|Any CPU
		{2EB1D1A0-C7EB-44B9-A230-49E9411A720D}.Debug|Any CPU.ActiveCfg = Debug|Any CPU
		{2EB1D1A0-C7EB-44B9-A230-49E9411A720D}.Debug|Any CPU.Build.0 = Debug|Any CPU
		{2EB1D1A0-C7EB-44B9-A230-49E9411A720D}.Debug|x64.ActiveCfg = Debug|Any CPU
		{2EB1D1A0-C7EB-44B9-A230-49E9411A720D}.Debug|x64.Build.0 = Debug|Any CPU
		{2EB1D1A0-C7EB-44B9-A230-49E9411A720D}.Debug|x86.ActiveCfg = Debug|Any CPU
		{2EB1D1A0-C7EB-44B9-A230-49E9411A720D}.Debug|x86.Build.0 = Debug|Any CPU
		{2EB1D1A0-C7EB-44B9-A230-49E9411A720D}.Release|Any CPU.ActiveCfg = Release|Any CPU
		{2EB1D1A0-C7EB-44B9-A230-49E9411A720D}.Release|Any CPU.Build.0 = Release|Any CPU
		{2EB1D1A0-C7EB-44B9-A230-49E9411A720D}.Release|x64.ActiveCfg = Release|Any CPU
		{2EB1D1A0-C7EB-44B9-A230-49E9411A720D}.Release|x64.Build.0 = Release|Any CPU
		{2EB1D1A0-C7EB-44B9-A230-49E9411A720D}.Release|x86.ActiveCfg = Release|Any CPU
		{2EB1D1A0-C7EB-44B9-A230-49E9411A720D}.Release|x86.Build.0 = Release|Any CPU
		{1C31EF88-A3B7-4295-9783-907738C5C2A5}.Debug|Any CPU.ActiveCfg = Debug|Any CPU
		{1C31EF88-A3B7-4295-9783-907738C5C2A5}.Debug|Any CPU.Build.0 = Debug|Any CPU
		{1C31EF88-A3B7-4295-9783-907738C5C2A5}.Debug|x64.ActiveCfg = Debug|Any CPU
		{1C31EF88-A3B7-4295-9783-907738C5C2A5}.Debug|x64.Build.0 = Debug|Any CPU
		{1C31EF88-A3B7-4295-9783-907738C5C2A5}.Debug|x86.ActiveCfg = Debug|Any CPU
		{1C31EF88-A3B7-4295-9783-907738C5C2A5}.Debug|x86.Build.0 = Debug|Any CPU
		{1C31EF88-A3B7-4295-9783-907738C5C2A5}.Release|Any CPU.ActiveCfg = Release|Any CPU
		{1C31EF88-A3B7-4295-9783-907738C5C2A5}.Release|Any CPU.Build.0 = Release|Any CPU
		{1C31EF88-A3B7-4295-9783-907738C5C2A5}.Release|x64.ActiveCfg = Release|Any CPU
		{1C31EF88-A3B7-4295-9783-907738C5C2A5}.Release|x64.Build.0 = Release|Any CPU
		{1C31EF88-A3B7-4295-9783-907738C5C2A5}.Release|x86.ActiveCfg = Release|Any CPU
		{1C31EF88-A3B7-4295-9783-907738C5C2A5}.Release|x86.Build.0 = Release|Any CPU
	EndGlobalSection
EndGlobal
